
Microsoft Visual Studio Solution File, Format Version 12.00
# Visual Studio Version 16
VisualStudioVersion = 16.0.30011.22
MinimumVisualStudioVersion = 10.0.40219.1
Project("{9A19103F-16F7-4668-BE54-9A1E7A4F7556}") = "WireBrainCoffee.ShopInfoTool", "WireBrainCoffee.ShopInfoTool\WireBrainCoffee.ShopInfoTool.csproj", "{CE76FD8B-3B3E-42F6-AD1C-354AE78576E9}"
EndProject
Project("{FAE04EC0-301F-11D3-BF4B-00C04F79EFBC}") = "WiredBrainCoffee.DataAccess", "WiredBrainCoffee.DataAccess\WiredBrainCoffee.DataAccess.csproj", "{8765ACBD-6DCE-4FF0-8726-4F2B5B0B8876}"
EndProject
Global
	GlobalSection(SolutionConfigurationPlatforms) = preSolution
		Debug|Any CPU = Debug|Any CPU
		Release|Any CPU = Release|Any CPU
	EndGlobalSection
	GlobalSection(ProjectConfigurationPlatforms) = postSolution
		{CE76FD8B-3B3E-42F6-AD1C-354AE78576E9}.Debug|Any CPU.ActiveCfg = Debug|Any CPU
		{CE76FD8B-3B3E-42F6-AD1C-354AE78576E9}.Debug|Any CPU.Build.0 = Debug|Any CPU
		{CE76FD8B-3B3E-42F6-AD1C-354AE78576E9}.Release|Any CPU.ActiveCfg = Release|Any CPU
		{CE76FD8B-3B3E-42F6-AD1C-354AE78576E9}.Release|Any CPU.Build.0 = Release|Any CPU
		{8765ACBD-6DCE-4FF0-8726-4F2B5B0B8876}.Debug|Any CPU.ActiveCfg = Debug|Any CPU
		{8765ACBD-6DCE-4FF0-8726-4F2B5B0B8876}.Debug|Any CPU.Build.0 = Debug|Any CPU
		{8765ACBD-6DCE-4FF0-8726-4F2B5B0B8876}.Release|Any CPU.ActiveCfg = Release|Any CPU
		{8765ACBD-6DCE-4FF0-8726-4F2B5B0B8876}.Release|Any CPU.Build.0 = Release|Any CPU
	EndGlobalSection
	GlobalSection(SolutionProperties) = preSolution
		HideSolutionNode = FALSE
	EndGlobalSection
	GlobalSection(ExtensibilityGlobals) = postSolution
		SolutionGuid = {00B2CCC9-989B-42A9-BD6F-AD847D2030F2}
	EndGlobalSection
EndGlobal
